
Microsoft Visual Studio Solution File, Format Version 12.00
# Visual Studio Version 16
VisualStudioVersion = 16.0.30621.155
MinimumVisualStudioVersion = 10.0.40219.1
Project("{FAE04EC0-301F-11D3-BF4B-00C04F79EFBC}") = "JustSA", "JustSA.csproj", "{3254294B-2496-4BE2-AC55-59EACD19FCF4}"
EndProject
Project("{FAE04EC0-301F-11D3-BF4B-00C04F79EFBC}") = "Just.Entityframeworkcore", "Just.Entityframeworkcore\Just.Entityframeworkcore.csproj", "{2C3CF351-DE49-49D9-855D-A0A15853B77B}"
EndProject
Global
	GlobalSection(SolutionConfigurationPlatforms) = preSolution
		Debug|Any CPU = Debug|Any CPU
		Release|Any CPU = Release|Any CPU
	EndGlobalSection
	GlobalSection(ProjectConfigurationPlatforms) = postSolution
		{3254294B-2496-4BE2-AC55-59EACD19FCF4}.Debug|Any CPU.ActiveCfg = Debug|Any CPU
		{3254294B-2496-4BE2-AC55-59EACD19FCF4}.Debug|Any CPU.Build.0 = Debug|Any CPU
		{3254294B-2496-4BE2-AC55-59EACD19FCF4}.Release|Any CPU.ActiveCfg = Release|Any CPU
		{3254294B-2496-4BE2-AC55-59EACD19FCF4}.Release|Any CPU.Build.0 = Release|Any CPU
		{2C3CF351-DE49-49D9-855D-A0A15853B77B}.Debug|Any CPU.ActiveCfg = Debug|Any CPU
		{2C3CF351-DE49-49D9-855D-A0A15853B77B}.Debug|Any CPU.Build.0 = Debug|Any CPU
		{2C3CF351-DE49-49D9-855D-A0A15853B77B}.Release|Any CPU.ActiveCfg = Release|Any CPU
		{2C3CF351-DE49-49D9-855D-A0A15853B77B}.Release|Any CPU.Build.0 = Release|Any CPU
	EndGlobalSection
	GlobalSection(SolutionProperties) = preSolution
		HideSolutionNode = FALSE
	EndGlobalSection
	GlobalSection(ExtensibilityGlobals) = postSolution
		SolutionGuid = {84E6C242-4D61-4395-B133-E1E2B7CA56C0}
	EndGlobalSection
EndGlobal
